
Microsoft Visual Studio Solution File, Format Version 12.00
# Visual Studio Version 17
VisualStudioVersion = 17.11.35222.181
MinimumVisualStudioVersion = 10.0.40219.1
Project("{FAE04EC0-301F-11D3-BF4B-00C04F79EFBC}") = "Bank", "Bank\Bank.csproj", "{4A96081B-0070-4748-93D2-C87F5F2E66DD}"
EndProject
Global
	GlobalSection(SolutionConfigurationPlatforms) = preSolution
		Debug|Any CPU = Debug|Any CPU
		Release|Any CPU = Release|Any CPU
	EndGlobalSection
	GlobalSection(ProjectConfigurationPlatforms) = postSolution
		{4A96081B-0070-4748-93D2-C87F5F2E66DD}.Debug|Any CPU.ActiveCfg = Debug|Any CPU
		{4A96081B-0070-4748-93D2-C87F5F2E66DD}.Debug|Any CPU.Build.0 = Debug|Any CPU
		{4A96081B-0070-4748-93D2-C87F5F2E66DD}.Release|Any CPU.ActiveCfg = Release|Any CPU
		{4A96081B-0070-4748-93D2-C87F5F2E66DD}.Release|Any CPU.Build.0 = Release|Any CPU
	EndGlobalSection
	GlobalSection(SolutionProperties) = preSolution
		HideSolutionNode = FALSE
	EndGlobalSection
	GlobalSection(ExtensibilityGlobals) = postSolution
		SolutionGuid = {F3030F50-3181-4104-994F-266A71BB1ED0}
	EndGlobalSection
EndGlobal
